
Microsoft Visual Studio Solution File, Format Version 12.00
# Visual Studio Version 17
VisualStudioVersion = 17.6.33723.286
MinimumVisualStudioVersion = 10.0.40219.1
Project("{FAE04EC0-301F-11D3-BF4B-00C04F79EFBC}") = "MvcProjectCrud", "MvcProjectCrud\MvcProjectCrud.csproj", "{FF3BFF19-6726-4D74-97C5-5C5D770BC1F4}"
EndProject
Global
	GlobalSection(SolutionConfigurationPlatforms) = preSolution
		Debug|Any CPU = Debug|Any CPU
		Release|Any CPU = Release|Any CPU
	EndGlobalSection
	GlobalSection(ProjectConfigurationPlatforms) = postSolution
		{FF3BFF19-6726-4D74-97C5-5C5D770BC1F4}.Debug|Any CPU.ActiveCfg = Debug|Any CPU
		{FF3BFF19-6726-4D74-97C5-5C5D770BC1F4}.Debug|Any CPU.Build.0 = Debug|Any CPU
		{FF3BFF19-6726-4D74-97C5-5C5D770BC1F4}.Release|Any CPU.ActiveCfg = Release|Any CPU
		{FF3BFF19-6726-4D74-97C5-5C5D770BC1F4}.Release|Any CPU.Build.0 = Release|Any CPU
	EndGlobalSection
	GlobalSection(SolutionProperties) = preSolution
		HideSolutionNode = FALSE
	EndGlobalSection
	GlobalSection(ExtensibilityGlobals) = postSolution
		SolutionGuid = {3E4980E3-72F9-4F0A-A314-8ECBF3DE686A}
	EndGlobalSection
EndGlobal
